
Microsoft Visual Studio Solution File, Format Version 12.00
# Visual Studio Version 17
VisualStudioVersion = 17.9.34701.34
MinimumVisualStudioVersion = 10.0.40219.1
Project("{FAE04EC0-301F-11D3-BF4B-00C04F79EFBC}") = "PizzaStore UML2", "PizzaStore UML2\PizzaStore UML2.csproj", "{0C3F50F2-1851-4D1D-82B3-1A00F290D970}"
EndProject
Global
	GlobalSection(SolutionConfigurationPlatforms) = preSolution
		Debug|Any CPU = Debug|Any CPU
		Release|Any CPU = Release|Any CPU
	EndGlobalSection
	GlobalSection(ProjectConfigurationPlatforms) = postSolution
		{0C3F50F2-1851-4D1D-82B3-1A00F290D970}.Debug|Any CPU.ActiveCfg = Debug|Any CPU
		{0C3F50F2-1851-4D1D-82B3-1A00F290D970}.Debug|Any CPU.Build.0 = Debug|Any CPU
		{0C3F50F2-1851-4D1D-82B3-1A00F290D970}.Release|Any CPU.ActiveCfg = Release|Any CPU
		{0C3F50F2-1851-4D1D-82B3-1A00F290D970}.Release|Any CPU.Build.0 = Release|Any CPU
	EndGlobalSection
	GlobalSection(SolutionProperties) = preSolution
		HideSolutionNode = FALSE
	EndGlobalSection
	GlobalSection(ExtensibilityGlobals) = postSolution
		SolutionGuid = {250956C4-36F9-4332-BC8E-F1B56E312900}
	EndGlobalSection
EndGlobal
